
Microsoft Visual Studio Solution File, Format Version 12.00
# Visual Studio Version 17
VisualStudioVersion = 17.14.37012.4
MinimumVisualStudioVersion = 10.0.40219.1
Project("{FAE04EC0-301F-11D3-BF4B-00C04F79EFBC}") = "appointmentSystem", "appointmentSystem\appointmentSystem.csproj", "{B634FED6-9F46-4D35-97D6-14246D26F4B9}"
EndProject
Project("{FAE04EC0-301F-11D3-BF4B-00C04F79EFBC}") = "AppointmentBooking.Persistencee", "AppointmentBooking.Persistencee\AppointmentBooking.Persistencee.csproj", "{8487A1A3-F113-4666-B513-42AAC5FF576D}"
EndProject
Project("{FAE04EC0-301F-11D3-BF4B-00C04F79EFBC}") = "AppointmentBooking.Domains", "AppointmentBooking.Domains\AppointmentBooking.Domains.csproj", "{494CCF7B-B88F-400E-A2B2-F96E00E9B1BD}"
EndProject
Project("{FAE04EC0-301F-11D3-BF4B-00C04F79EFBC}") = "AppointmentBooking.AppLayer", "AppointmentBooking.AppLayer\AppointmentBooking.AppLayer.csproj", "{EF985509-591E-41A6-84EE-9C8C32847998}"
EndProject
Global
	GlobalSection(SolutionConfigurationPlatforms) = preSolution
		Debug|Any CPU = Debug|Any CPU
		Release|Any CPU = Release|Any CPU
	EndGlobalSection
	GlobalSection(ProjectConfigurationPlatforms) = postSolution
		{B634FED6-9F46-4D35-97D6-14246D26F4B9}.Debug|Any CPU.ActiveCfg = Debug|Any CPU
		{B634FED6-9F46-4D35-97D6-14246D26F4B9}.Debug|Any CPU.Build.0 = Debug|Any CPU
		{B634FED6-9F46-4D35-97D6-14246D26F4B9}.Release|Any CPU.ActiveCfg = Release|Any CPU
		{B634FED6-9F46-4D35-97D6-14246D26F4B9}.Release|Any CPU.Build.0 = Release|Any CPU
		{8487A1A3-F113-4666-B513-42AAC5FF576D}.Debug|Any CPU.ActiveCfg = Debug|Any CPU
		{8487A1A3-F113-4666-B513-42AAC5FF576D}.Debug|Any CPU.Build.0 = Debug|Any CPU
		{8487A1A3-F113-4666-B513-42AAC5FF576D}.Release|Any CPU.ActiveCfg = Release|Any CPU
		{8487A1A3-F113-4666-B513-42AAC5FF576D}.Release|Any CPU.Build.0 = Release|Any CPU
		{494CCF7B-B88F-400E-A2B2-F96E00E9B1BD}.Debug|Any CPU.ActiveCfg = Debug|Any CPU
		{494CCF7B-B88F-400E-A2B2-F96E00E9B1BD}.Debug|Any CPU.Build.0 = Debug|Any CPU
		{494CCF7B-B88F-400E-A2B2-F96E00E9B1BD}.Release|Any CPU.ActiveCfg = Release|Any CPU
		{494CCF7B-B88F-400E-A2B2-F96E00E9B1BD}.Release|Any CPU.Build.0 = Release|Any CPU
		{EF985509-591E-41A6-84EE-9C8C32847998}.Debug|Any CPU.ActiveCfg = Debug|Any CPU
		{EF985509-591E-41A6-84EE-9C8C32847998}.Debug|Any CPU.Build.0 = Debug|Any CPU
		{EF985509-591E-41A6-84EE-9C8C32847998}.Release|Any CPU.ActiveCfg = Release|Any CPU
		{EF985509-591E-41A6-84EE-9C8C32847998}.Release|Any CPU.Build.0 = Release|Any CPU
	EndGlobalSection
	GlobalSection(SolutionProperties) = preSolution
		HideSolutionNode = FALSE
	EndGlobalSection
	GlobalSection(ExtensibilityGlobals) = postSolution
		SolutionGuid = {4FB6DE34-688C-4630-AB58-8A4DD95473D3}
	EndGlobalSection
EndGlobal
